
Microsoft Visual Studio Solution File, Format Version 12.00
# Visual Studio Version 17
VisualStudioVersion = 17.5.33424.131
MinimumVisualStudioVersion = 10.0.40219.1
Project("{9A19103F-16F7-4668-BE54-9A1E7A4F7556}") = "DriveEasee", "DriveEasee\DriveEasee.csproj", "{C2CD83FB-553A-4AB9-A222-517B02DB1CA5}"
EndProject
Project("{9A19103F-16F7-4668-BE54-9A1E7A4F7556}") = "DriveEaseTest", "DriveEaseTest\DriveEaseTest.csproj", "{B0E9486E-1229-4C02-8F9B-BEE14891AEB3}"
EndProject
Project("{2150E333-8FDC-42A3-9474-1A3956D46DE8}") = "Solution Items", "Solution Items", "{45165D0E-CFF2-454E-BE40-DA60EED72B1C}"
	ProjectSection(SolutionItems) = preProject
		.editorconfig = .editorconfig
	EndProjectSection
EndProject
Project("{54A90642-561A-4BB1-A94E-469ADEE60C69}") = "Frontendd", "Frontendd\Frontendd.esproj", "{72B005EE-5DA7-43C3-B655-5AE350DD00DA}"
EndProject
Global
	GlobalSection(SolutionConfigurationPlatforms) = preSolution
		Debug|Any CPU = Debug|Any CPU
		Release|Any CPU = Release|Any CPU
	EndGlobalSection
	GlobalSection(ProjectConfigurationPlatforms) = postSolution
		{C2CD83FB-553A-4AB9-A222-517B02DB1CA5}.Debug|Any CPU.ActiveCfg = Debug|Any CPU
		{C2CD83FB-553A-4AB9-A222-517B02DB1CA5}.Debug|Any CPU.Build.0 = Debug|Any CPU
		{C2CD83FB-553A-4AB9-A222-517B02DB1CA5}.Release|Any CPU.ActiveCfg = Release|Any CPU
		{C2CD83FB-553A-4AB9-A222-517B02DB1CA5}.Release|Any CPU.Build.0 = Release|Any CPU
		{B0E9486E-1229-4C02-8F9B-BEE14891AEB3}.Debug|Any CPU.ActiveCfg = Debug|Any CPU
		{B0E9486E-1229-4C02-8F9B-BEE14891AEB3}.Debug|Any CPU.Build.0 = Debug|Any CPU
		{B0E9486E-1229-4C02-8F9B-BEE14891AEB3}.Release|Any CPU.ActiveCfg = Release|Any CPU
		{B0E9486E-1229-4C02-8F9B-BEE14891AEB3}.Release|Any CPU.Build.0 = Release|Any CPU
		{72B005EE-5DA7-43C3-B655-5AE350DD00DA}.Debug|Any CPU.ActiveCfg = Debug|Any CPU
		{72B005EE-5DA7-43C3-B655-5AE350DD00DA}.Debug|Any CPU.Build.0 = Debug|Any CPU
		{72B005EE-5DA7-43C3-B655-5AE350DD00DA}.Debug|Any CPU.Deploy.0 = Debug|Any CPU
		{72B005EE-5DA7-43C3-B655-5AE350DD00DA}.Release|Any CPU.ActiveCfg = Release|Any CPU
		{72B005EE-5DA7-43C3-B655-5AE350DD00DA}.Release|Any CPU.Build.0 = Release|Any CPU
		{72B005EE-5DA7-43C3-B655-5AE350DD00DA}.Release|Any CPU.Deploy.0 = Release|Any CPU
	EndGlobalSection
	GlobalSection(SolutionProperties) = preSolution
		HideSolutionNode = FALSE
	EndGlobalSection
	GlobalSection(ExtensibilityGlobals) = postSolution
		SolutionGuid = {7959D0C0-58C1-41DB-A0E3-4A77D7E7D3AA}
	EndGlobalSection
EndGlobal
